
Microsoft Visual Studio Solution File, Format Version 12.00
# Visual Studio Version 16
VisualStudioVersion = 16.0.31129.286
MinimumVisualStudioVersion = 10.0.40219.1
Project("{FAE04EC0-301F-11D3-BF4B-00C04F79EFBC}") = "eSport", "eSport.csproj", "{90C93668-AE4B-4488-A457-6503B7E2748B}"
EndProject
Global
	GlobalSection(SolutionConfigurationPlatforms) = preSolution
		Debug|Any CPU = Debug|Any CPU
		Release|Any CPU = Release|Any CPU
	EndGlobalSection
	GlobalSection(ProjectConfigurationPlatforms) = postSolution
		{90C93668-AE4B-4488-A457-6503B7E2748B}.Debug|Any CPU.ActiveCfg = Debug|Any CPU
		{90C93668-AE4B-4488-A457-6503B7E2748B}.Debug|Any CPU.Build.0 = Debug|Any CPU
		{90C93668-AE4B-4488-A457-6503B7E2748B}.Release|Any CPU.ActiveCfg = Release|Any CPU
		{90C93668-AE4B-4488-A457-6503B7E2748B}.Release|Any CPU.Build.0 = Release|Any CPU
	EndGlobalSection
	GlobalSection(SolutionProperties) = preSolution
		HideSolutionNode = FALSE
	EndGlobalSection
	GlobalSection(ExtensibilityGlobals) = postSolution
		SolutionGuid = {BA0DA306-C431-46E3-91F9-BD256F7528C3}
	EndGlobalSection
EndGlobal
