
Microsoft Visual Studio Solution File, Format Version 12.00
# Visual Studio Version 16
VisualStudioVersion = 16.0.31129.286
MinimumVisualStudioVersion = 10.0.40219.1
Project("{FAE04EC0-301F-11D3-BF4B-00C04F79EFBC}") = "RandomClass", "RandomClass.csproj", "{98064E2B-0224-4560-8629-5603B047A8FD}"
EndProject
Global
	GlobalSection(SolutionConfigurationPlatforms) = preSolution
		Debug|Any CPU = Debug|Any CPU
		Release|Any CPU = Release|Any CPU
	EndGlobalSection
	GlobalSection(ProjectConfigurationPlatforms) = postSolution
		{98064E2B-0224-4560-8629-5603B047A8FD}.Debug|Any CPU.ActiveCfg = Debug|Any CPU
		{98064E2B-0224-4560-8629-5603B047A8FD}.Debug|Any CPU.Build.0 = Debug|Any CPU
		{98064E2B-0224-4560-8629-5603B047A8FD}.Release|Any CPU.ActiveCfg = Release|Any CPU
		{98064E2B-0224-4560-8629-5603B047A8FD}.Release|Any CPU.Build.0 = Release|Any CPU
	EndGlobalSection
	GlobalSection(SolutionProperties) = preSolution
		HideSolutionNode = FALSE
	EndGlobalSection
	GlobalSection(ExtensibilityGlobals) = postSolution
		SolutionGuid = {873F8EDB-1786-4F68-968F-90BBF8D3375E}
	EndGlobalSection
EndGlobal
