
Microsoft Visual Studio Solution File, Format Version 12.00
# Visual Studio Version 16
VisualStudioVersion = 16.0.31105.61
MinimumVisualStudioVersion = 10.0.40219.1
Project("{9A19103F-16F7-4668-BE54-9A1E7A4F7556}") = "First task", "First task.csproj", "{351FBD2B-1F00-4AC3-985F-2D26FD4401D9}"
EndProject
Global
	GlobalSection(SolutionConfigurationPlatforms) = preSolution
		Debug|Any CPU = Debug|Any CPU
		Release|Any CPU = Release|Any CPU
	EndGlobalSection
	GlobalSection(ProjectConfigurationPlatforms) = postSolution
		{351FBD2B-1F00-4AC3-985F-2D26FD4401D9}.Debug|Any CPU.ActiveCfg = Debug|Any CPU
		{351FBD2B-1F00-4AC3-985F-2D26FD4401D9}.Debug|Any CPU.Build.0 = Debug|Any CPU
		{351FBD2B-1F00-4AC3-985F-2D26FD4401D9}.Release|Any CPU.ActiveCfg = Release|Any CPU
		{351FBD2B-1F00-4AC3-985F-2D26FD4401D9}.Release|Any CPU.Build.0 = Release|Any CPU
	EndGlobalSection
	GlobalSection(SolutionProperties) = preSolution
		HideSolutionNode = FALSE
	EndGlobalSection
	GlobalSection(ExtensibilityGlobals) = postSolution
		SolutionGuid = {EA4CC629-6DF9-48B3-AB9A-D5AB6B8466DB}
	EndGlobalSection
EndGlobal
